// !$*UTF8*$!
{
	archiveVersion = 1;
	classes = {
	};
	objectVersion = 56;
	objects = {

/* Begin PBXBuildFile section */
		CD4F7F912991CE5F00C20AC7 /* DaysMatterApp.swift in Sources */ = {isa = PBXBuildFile; fileRef = CD4F7F902991CE5F00C20AC7 /* DaysMatterApp.swift */; };
		CD4F7F952991CE6200C20AC7 /* Assets.xcassets in Resources */ = {isa = PBXBuildFile; fileRef = CD4F7F942991CE6200C20AC7 /* Assets.xcassets */; };
		CD4F7F982991CE6200C20AC7 /* Preview Assets.xcassets in Resources */ = {isa = PBXBuildFile; fileRef = CD4F7F972991CE6200C20AC7 /* Preview Assets.xcassets */; };
		CD4F7FA02991CEC400C20AC7 /* DaysDetail.swift in Sources */ = {isa = PBXBuildFile; fileRef = CD4F7F9F2991CEC400C20AC7 /* DaysDetail.swift */; };
		CD4F7FA32991D5CD00C20AC7 /* DaysDetailView.swift in Sources */ = {isa = PBXBuildFile; fileRef = CD4F7FA22991D5CD00C20AC7 /* DaysDetailView.swift */; };
		CD4F7FA52991D5DE00C20AC7 /* ListView.swift in Sources */ = {isa = PBXBuildFile; fileRef = CD4F7FA42991D5DE00C20AC7 /* ListView.swift */; };
/* End PBXBuildFile section */

/* Begin PBXFileReference section */
		CD4F7F8D2991CE5F00C20AC7 /* DaysMatter.app */ = {isa = PBXFileReference; explicitFileType = wrapper.application; includeInIndex = 0; path = DaysMatter.app; sourceTree = BUILT_PRODUCTS_DIR; };
		CD4F7F902991CE5F00C20AC7 /* DaysMatterApp.swift */ = {isa = PBXFileReference; lastKnownFileType = sourcecode.swift; path = DaysMatterApp.swift; sourceTree = "<group>"; };
		CD4F7F942991CE6200C20AC7 /* Assets.xcassets */ = {isa = PBXFileReference; lastKnownFileType = folder.assetcatalog; path = Assets.xcassets; sourceTree = "<group>"; };
		CD4F7F972991CE6200C20AC7 /* Preview Assets.xcassets */ = {isa = PBXFileReference; lastKnownFileType = folder.assetcatalog; path = "Preview Assets.xcassets"; sourceTree = "<group>"; };
		CD4F7F9F2991CEC400C20AC7 /* DaysDetail.swift */ = {isa = PBXFileReference; lastKnownFileType = sourcecode.swift; path = DaysDetail.swift; sourceTree = "<group>"; };
		CD4F7FA22991D5CD00C20AC7 /* DaysDetailView.swift */ = {isa = PBXFileReference; lastKnownFileType = sourcecode.swift; path = DaysDetailView.swift; sourceTree = "<group>"; };
		CD4F7FA42991D5DE00C20AC7 /* ListView.swift */ = {isa = PBXFileReference; lastKnownFileType = sourcecode.swift; path = ListView.swift; sourceTree = "<group>"; };
/* End PBXFileReference section */

/* Begin PBXFrameworksBuildPhase section */
		CD4F7F8A2991CE5F00C20AC7 /* Frameworks */ = {
			isa = PBXFrameworksBuildPhase;
			buildActionMask = 2147483647;
			files = (
			);
			runOnlyForDeploymentPostprocessing = 0;
		};
/* End PBXFrameworksBuildPhase section */

/* Begin PBXGroup section */
		CD4F7F842991CE5F00C20AC7 = {
			isa = PBXGroup;
			children = (
				CD4F7F8F2991CE5F00C20AC7 /* DaysMatter */,
				CD4F7F8E2991CE5F00C20AC7 /* Products */,
			);
			sourceTree = "<group>";
		};
		CD4F7F8E2991CE5F00C20AC7 /* Products */ = {
			isa = PBXGroup;
			children = (
				CD4F7F8D2991CE5F00C20AC7 /* DaysMatter.app */,
			);
			name = Products;
			sourceTree = "<group>";
		};
		CD4F7F8F2991CE5F00C20AC7 /* DaysMatter */ = {
			isa = PBXGroup;
			children = (
				CD4F7F902991CE5F00C20AC7 /* DaysMatterApp.swift */,
				CD4F7F9E2991CE6E00C20AC7 /* Model */,
				CD4F7FA12991D5B200C20AC7 /* View */,
				CD4F7F942991CE6200C20AC7 /* Assets.xcassets */,
				CD4F7F962991CE6200C20AC7 /* Preview Content */,
			);
			path = DaysMatter;
			sourceTree = "<group>";
		};
		CD4F7F962991CE6200C20AC7 /* Preview Content */ = {
			isa = PBXGroup;
			children = (
				CD4F7F972991CE6200C20AC7 /* Preview Assets.xcassets */,
			);
			path = "Preview Content";
			sourceTree = "<group>";
		};
		CD4F7F9E2991CE6E00C20AC7 /* Model */ = {
			isa = PBXGroup;
			children = (
				CD4F7F9F2991CEC400C20AC7 /* DaysDetail.swift */,
			);
			path = Model;
			sourceTree = "<group>";
		};
		CD4F7FA12991D5B200C20AC7 /* View */ = {
			isa = PBXGroup;
			children = (
				CD4F7FA22991D5CD00C20AC7 /* DaysDetailView.swift */,
				CD4F7FA42991D5DE00C20AC7 /* ListView.swift */,
			);
			path = View;
			sourceTree = "<group>";
		};
/* End PBXGroup section */

/* Begin PBXNativeTarget section */
		CD4F7F8C2991CE5F00C20AC7 /* DaysMatter */ = {
			isa = PBXNativeTarget;
			buildConfigurationList = CD4F7F9B2991CE6200C20AC7 /* Build configuration list for PBXNativeTarget "DaysMatter" */;
			buildPhases = (
				CD4F7F892991CE5F00C20AC7 /* Sources */,
				CD4F7F8A2991CE5F00C20AC7 /* Frameworks */,
				CD4F7F8B2991CE5F00C20AC7 /* Resources */,
			);
			buildRules = (
			);
			dependencies = (
			);
			name = DaysMatter;
			productName = DaysMatter;
			productReference = CD4F7F8D2991CE5F00C20AC7 /* DaysMatter.app */;
			productType = "com.apple.product-type.application";
		};
/* End PBXNativeTarget section */

/* Begin PBXProject section */
		CD4F7F852991CE5F00C20AC7 /* Project object */ = {
			isa = PBXProject;
			attributes = {
				BuildIndependentTargetsInParallel = 1;
				LastSwiftUpdateCheck = 1420;
				LastUpgradeCheck = 1420;
				TargetAttributes = {
					CD4F7F8C2991CE5F00C20AC7 = {
						CreatedOnToolsVersion = 14.2;
					};
				};
			};
			buildConfigurationList = CD4F7F882991CE5F00C20AC7 /* Build configuration list for PBXProject "DaysMatter" */;
			compatibilityVersion = "Xcode 14.0";
			developmentRegion = en;
			hasScannedForEncodings = 0;
			knownRegions = (
				en,
				Base,
			);
			mainGroup = CD4F7F842991CE5F00C20AC7;
			productRefGroup = CD4F7F8E2991CE5F00C20AC7 /* Products */;
			projectDirPath = "";
			projectRoot = "";
			targets = (
				CD4F7F8C2991CE5F00C20AC7 /* DaysMatter */,
			);
		};
/* End PBXProject section */

/* Begin PBXResourcesBuildPhase section */
		CD4F7F8B2991CE5F00C20AC7 /* Resources */ = {
			isa = PBXResourcesBuildPhase;
			buildActionMask = 2147483647;
			files = (
				CD4F7F982991CE6200C20AC7 /* Preview Assets.xcassets in Resources */,
				CD4F7F952991CE6200C20AC7 /* Assets.xcassets in Resources */,
			);
			runOnlyForDeploymentPostprocessing = 0;
		};
/* End PBXResourcesBuildPhase section */

/* Begin PBXSourcesBuildPhase section */
		CD4F7F892991CE5F00C20AC7 /* Sources */ = {
			isa = PBXSourcesBuildPhase;
			buildActionMask = 2147483647;
			files = (
				CD4F7F912991CE5F00C20AC7 /* DaysMatterApp.swift in Sources */,
				CD4F7FA52991D5DE00C20AC7 /* ListView.swift in Sources */,
				CD4F7FA32991D5CD00C20AC7 /* DaysDetailView.swift in Sources */,
				CD4F7FA02991CEC400C20AC7 /* DaysDetail.swift in Sources */,
			);
			runOnlyForDeploymentPostprocessing = 0;
		};
/* End PBXSourcesBuildPhase section */

/* Begin XCBuildConfiguration section */
		CD4F7F992991CE6200C20AC7 /* Debug */ = {
			isa = XCBuildConfiguration;
			buildSettings = {
				ALWAYS_SEARCH_USER_PATHS = NO;
				CLANG_ANALYZER_NONNULL = YES;
				CLANG_ANALYZER_NUMBER_OBJECT_CONVERSION = YES_AGGRESSIVE;
				CLANG_CXX_LANGUAGE_STANDARD = "gnu++20";
				CLANG_ENABLE_MODULES = YES;
				CLANG_ENABLE_OBJC_ARC = YES;
				CLANG_ENABLE_OBJC_WEAK = YES;
				CLANG_WARN_BLOCK_CAPTURE_AUTORELEASING = YES;
				CLANG_WARN_BOOL_CONVERSION = YES;
				CLANG_WARN_COMMA = YES;
				CLANG_WARN_CONSTANT_CONVERSION = YES;
				CLANG_WARN_DEPRECATED_OBJC_IMPLEMENTATIONS = YES;
				CLANG_WARN_DIRECT_OBJC_ISA_USAGE = YES_ERROR;
				CLANG_WARN_DOCUMENTATION_COMMENTS = YES;
				CLANG_WARN_EMPTY_BODY = YES;
				CLANG_WARN_ENUM_CONVERSION = YES;
				CLANG_WARN_INFINITE_RECURSION = YES;
				CLANG_WARN_INT_CONVERSION = YES;
				CLANG_WARN_NON_LITERAL_NULL_CONVERSION = YES;
				CLANG_WARN_OBJC_IMPLICIT_RETAIN_SELF = YES;
				CLANG_WARN_OBJC_LITERAL_CONVERSION = YES;
				CLANG_WARN_OBJC_ROOT_CLASS = YES_ERROR;
				CLANG_WARN_QUOTED_INCLUDE_IN_FRAMEWORK_HEADER = YES;
				CLANG_WARN_RANGE_LOOP_ANALYSIS = YES;
				CLANG_WARN_STRICT_PROTOTYPES = YES;
				CLANG_WARN_SUSPICIOUS_MOVE = YES;
				CLANG_WARN_UNGUARDED_AVAILABILITY = YES_AGGRESSIVE;
				CLANG_WARN_UNREACHABLE_CODE = YES;
				CLANG_WARN__DUPLICATE_METHOD_MATCH = YES;
				COPY_PHASE_STRIP = NO;
				DEBUG_INFORMATION_FORMAT = dwarf;
				ENABLE_STRICT_OBJC_MSGSEND = YES;
				ENABLE_TESTABILITY = YES;
				GCC_C_LANGUAGE_STANDARD = gnu11;
				GCC_DYNAMIC_NO_PIC = NO;
				GCC_NO_COMMON_BLOCKS = YES;
				GCC_OPTIMIZATION_LEVEL = 0;
				GCC_PREPROCESSOR_DEFINITIONS = (
					"DEBUG=1",
					"$(inherited)",
				);
				GCC_WARN_64_TO_32_BIT_CONVERSION = YES;
				GCC_WARN_ABOUT_RETURN_TYPE = YES_ERROR;
				GCC_WARN_UNDECLARED_SELECTOR = YES;
				GCC_WARN_UNINITIALIZED_AUTOS = YES_AGGRESSIVE;
				GCC_WARN_UNUSED_FUNCTION = YES;
				GCC_WARN_UNUSED_VARIABLE = YES;
				IPHONEOS_DEPLOYMENT_TARGET = 16.2;
				MTL_ENABLE_DEBUG_INFO = INCLUDE_SOURCE;
				MTL_FAST_MATH = YES;
				ONLY_ACTIVE_ARCH = YES;
				SDKROOT = iphoneos;
				SWIFT_ACTIVE_COMPILATION_CONDITIONS = DEBUG;
				SWIFT_OPTIMIZATION_LEVEL = "-Onone";
			};
			name = Debug;
		};
		CD4F7F9A2991CE6200C20AC7 /* Release */ = {
			isa = XCBuildConfiguration;
			buildSettings = {
				ALWAYS_SEARCH_USER_PATHS = NO;
				CLANG_ANALYZER_NONNULL = YES;
				CLANG_ANALYZER_NUMBER_OBJECT_CONVERSION = YES_AGGRESSIVE;
				CLANG_CXX_LANGUAGE_STANDARD = "gnu++20";
				CLANG_ENABLE_MODULES = YES;
				CLANG_ENABLE_OBJC_ARC = YES;
				CLANG_ENABLE_OBJC_WEAK = YES;
				CLANG_WARN_BLOCK_CAPTURE_AUTORELEASING = YES;
				CLANG_WARN_BOOL_CONVERSION = YES;
				CLANG_WARN_COMMA = YES;
				CLANG_WARN_CONSTANT_CONVERSION = YES;
				CLANG_WARN_DEPRECATED_OBJC_IMPLEMENTATIONS = YES;
				CLANG_WARN_DIRECT_OBJC_ISA_USAGE = YES_ERROR;
				CLANG_WARN_DOCUMENTATION_COMMENTS = YES;
				CLANG_WARN_EMPTY_BODY = YES;
				CLANG_WARN_ENUM_CONVERSION = YES;
				CLANG_WARN_INFINITE_RECURSION = YES;
				CLANG_WARN_INT_CONVERSION = YES;
				CLANG_WARN_NON_LITERAL_NULL_CONVERSION = YES;
				CLANG_WARN_OBJC_IMPLICIT_RETAIN_SELF = YES;
				CLANG_WARN_OBJC_LITERAL_CONVERSION = YES;
				CLANG_WARN_OBJC_ROOT_CLASS = YES_ERROR;
				CLANG_WARN_QUOTED_INCLUDE_IN_FRAMEWORK_HEADER = YES;
				CLANG_WARN_RANGE_LOOP_ANALYSIS = YES;
				CLANG_WARN_STRICT_PROTOTYPES = YES;
				CLANG_WARN_SUSPICIOUS_MOVE = YES;
				CLANG_WARN_UNGUARDED_AVAILABILITY = YES_AGGRESSIVE;
				CLANG_WARN_UNREACHABLE_CODE = YES;
				CLANG_WARN__DUPLICATE_METHOD_MATCH = YES;
				COPY_PHASE_STRIP = NO;
				DEBUG_INFORMATION_FORMAT = "dwarf-with-dsym";
				ENABLE_NS_ASSERTIONS = NO;
				ENABLE_STRICT_OBJC_MSGSEND = YES;
				GCC_C_LANGUAGE_STANDARD = gnu11;
				GCC_NO_COMMON_BLOCKS = YES;
				GCC_WARN_64_TO_32_BIT_CONVERSION = YES;
				GCC_WARN_ABOUT_RETURN_TYPE = YES_ERROR;
				GCC_WARN_UNDECLARED_SELECTOR = YES;
				GCC_WARN_UNINITIALIZED_AUTOS = YES_AGGRESSIVE;
				GCC_WARN_UNUSED_FUNCTION = YES;
				GCC_WARN_UNUSED_VARIABLE = YES;
				IPHONEOS_DEPLOYMENT_TARGET = 16.2;
				MTL_ENABLE_DEBUG_INFO = NO;
				MTL_FAST_MATH = YES;
				SDKROOT = iphoneos;
				SWIFT_COMPILATION_MODE = wholemodule;
				SWIFT_OPTIMIZATION_LEVEL = "-O";
				VALIDATE_PRODUCT = YES;
			};
			name = Release;
		};
		CD4F7F9C2991CE6200C20AC7 /* Debug */ = {
			isa = XCBuildConfiguration;
			buildSettings = {
				ASSETCATALOG_COMPILER_APPICON_NAME = AppIcon;
				ASSETCATALOG_COMPILER_GLOBAL_ACCENT_COLOR_NAME = AccentColor;
				CODE_SIGN_STYLE = Automatic;
				CURRENT_PROJECT_VERSION = 1;
				DEVELOPMENT_ASSET_PATHS = "\"DaysMatter/Preview Content\"";
				DEVELOPMENT_TEAM = 2A9TZTCW82;
				ENABLE_PREVIEWS = YES;
				GENERATE_INFOPLIST_FILE = YES;
				INFOPLIST_KEY_UIApplicationSceneManifest_Generation = YES;
				INFOPLIST_KEY_UIApplicationSupportsIndirectInputEvents = YES;
				INFOPLIST_KEY_UILaunchScreen_Generation = YES;
				INFOPLIST_KEY_UISupportedInterfaceOrientations_iPad = "UIInterfaceOrientationPortrait UIInterfaceOrientationPortraitUpsideDown UIInterfaceOrientationLandscapeLeft UIInterfaceOrientationLandscapeRight";
				INFOPLIST_KEY_UISupportedInterfaceOrientations_iPhone = "UIInterfaceOrientationPortrait UIInterfaceOrientationLandscapeLeft UIInterfaceOrientationLandscapeRight";
				LD_RUNPATH_SEARCH_PATHS = (
					"$(inherited)",
					"@executable_path/Frameworks",
				);
				MARKETING_VERSION = 1.0;
				PRODUCT_BUNDLE_IDENTIFIER = ca.audreyjiang.DaysMatter;
				PRODUCT_NAME = "$(TARGET_NAME)";
				SWIFT_EMIT_LOC_STRINGS = YES;
				SWIFT_VERSION = 5.0;
				TARGETED_DEVICE_FAMILY = "1,2";
			};
			name = Debug;
		};
		CD4F7F9D2991CE6200C20AC7 /* Release */ = {
			isa = XCBuildConfiguration;
			buildSettings = {
				ASSETCATALOG_COMPILER_APPICON_NAME = AppIcon;
				ASSETCATALOG_COMPILER_GLOBAL_ACCENT_COLOR_NAME = AccentColor;
				CODE_SIGN_STYLE = Automatic;
				CURRENT_PROJECT_VERSION = 1;
				DEVELOPMENT_ASSET_PATHS = "\"DaysMatter/Preview Content\"";
				DEVELOPMENT_TEAM = 2A9TZTCW82;
				ENABLE_PREVIEWS = YES;
				GENERATE_INFOPLIST_FILE = YES;
				INFOPLIST_KEY_UIApplicationSceneManifest_Generation = YES;
				INFOPLIST_KEY_UIApplicationSupportsIndirectInputEvents = YES;
				INFOPLIST_KEY_UILaunchScreen_Generation = YES;
				INFOPLIST_KEY_UISupportedInterfaceOrientations_iPad = "UIInterfaceOrientationPortrait UIInterfaceOrientationPortraitUpsideDown UIInterfaceOrientationLandscapeLeft UIInterfaceOrientationLandscapeRight";
				INFOPLIST_KEY_UISupportedInterfaceOrientations_iPhone = "UIInterfaceOrientationPortrait UIInterfaceOrientationLandscapeLeft UIInterfaceOrientationLandscapeRight";
				LD_RUNPATH_SEARCH_PATHS = (
					"$(inherited)",
					"@executable_path/Frameworks",
				);
				MARKETING_VERSION = 1.0;
				PRODUCT_BUNDLE_IDENTIFIER = ca.audreyjiang.DaysMatter;
				PRODUCT_NAME = "$(TARGET_NAME)";
				SWIFT_EMIT_LOC_STRINGS = YES;
				SWIFT_VERSION = 5.0;
				TARGETED_DEVICE_FAMILY = "1,2";
			};
			name = Release;
		};
/* End XCBuildConfiguration section */

/* Begin XCConfigurationList section */
		CD4F7F882991CE5F00C20AC7 /* Build configuration list for PBXProject "DaysMatter" */ = {
			isa = XCConfigurationList;
			buildConfigurations = (
				CD4F7F992991CE6200C20AC7 /* Debug */,
				CD4F7F9A2991CE6200C20AC7 /* Release */,
			);
			defaultConfigurationIsVisible = 0;
			defaultConfigurationName = Release;
		};
		CD4F7F9B2991CE6200C20AC7 /* Build configuration list for PBXNativeTarget "DaysMatter" */ = {
			isa = XCConfigurationList;
			buildConfigurations = (
				CD4F7F9C2991CE6200C20AC7 /* Debug */,
				CD4F7F9D2991CE6200C20AC7 /* Release */,
			);
			defaultConfigurationIsVisible = 0;
			defaultConfigurationName = Release;
		};
/* End XCConfigurationList section */
	};
	rootObject = CD4F7F852991CE5F00C20AC7 /* Project object */;
}
